// !$*UTF8*$!
{
	archiveVersion = 1;
	classes = {
	};
	objectVersion = 51;
	objects = {

/* Begin PBXBuildFile section */
		196CDCE437872432711A8F0B /* Pods_TresorMockup4_TresorMockup4UITests.framework in Frameworks */ = {isa = PBXBuildFile; fileRef = 008E8BCFC330C1A0FE90D86D /* Pods_TresorMockup4_TresorMockup4UITests.framework */; };
		25295B408841C059C68CE489 /* Pods_TresorMockup4Tests.framework in Frameworks */ = {isa = PBXBuildFile; fileRef = 61F424751EAF03444D13E416 /* Pods_TresorMockup4Tests.framework */; };
		6B73189134093D15E9553AF1 /* Pods_TresorMockup4.framework in Frameworks */ = {isa = PBXBuildFile; fileRef = 4C4D39A50D5D146D022D33BB /* Pods_TresorMockup4.framework */; };
		F916905825D78BE5003EBCCD /* TrashView.swift in Sources */ = {isa = PBXBuildFile; fileRef = F916905725D78BE5003EBCCD /* TrashView.swift */; };
		F916905925D78BE5003EBCCD /* TrashView.swift in Sources */ = {isa = PBXBuildFile; fileRef = F916905725D78BE5003EBCCD /* TrashView.swift */; };
		F916905A25D78BE5003EBCCD /* TrashView.swift in Sources */ = {isa = PBXBuildFile; fileRef = F916905725D78BE5003EBCCD /* TrashView.swift */; };
		F91D3A112562D0BD0018238B /* FocusableTextField.swift in Sources */ = {isa = PBXBuildFile; fileRef = F91D3A102562D0BC0018238B /* FocusableTextField.swift */; };
		F954C09125CD8EE600F88AE8 /* NSManagedObject+Extensions.swift in Sources */ = {isa = PBXBuildFile; fileRef = F954C09025CD8EE600F88AE8 /* NSManagedObject+Extensions.swift */; };
		F954C09225CD8EE600F88AE8 /* NSManagedObject+Extensions.swift in Sources */ = {isa = PBXBuildFile; fileRef = F954C09025CD8EE600F88AE8 /* NSManagedObject+Extensions.swift */; };
		F954C09325CD8EE600F88AE8 /* NSManagedObject+Extensions.swift in Sources */ = {isa = PBXBuildFile; fileRef = F954C09025CD8EE600F88AE8 /* NSManagedObject+Extensions.swift */; };
		F965518B25AB5EB400FFD4E8 /* CryptorSeed.swift in Sources */ = {isa = PBXBuildFile; fileRef = F965518A25AB5EB400FFD4E8 /* CryptorSeed.swift */; };
		F965518C25AB5EB400FFD4E8 /* CryptorSeed.swift in Sources */ = {isa = PBXBuildFile; fileRef = F965518A25AB5EB400FFD4E8 /* CryptorSeed.swift */; };
		F965518D25AB5EB400FFD4E8 /* CryptorSeed.swift in Sources */ = {isa = PBXBuildFile; fileRef = F965518A25AB5EB400FFD4E8 /* CryptorSeed.swift */; };
		F965519225AB5F0E00FFD4E8 /* Validator.swift in Sources */ = {isa = PBXBuildFile; fileRef = F965519125AB5F0E00FFD4E8 /* Validator.swift */; };
		F965519325AB5F0E00FFD4E8 /* Validator.swift in Sources */ = {isa = PBXBuildFile; fileRef = F965519125AB5F0E00FFD4E8 /* Validator.swift */; };
		F965519425AB5F0E00FFD4E8 /* Validator.swift in Sources */ = {isa = PBXBuildFile; fileRef = F965519125AB5F0E00FFD4E8 /* Validator.swift */; };
		F968B0C425BC59FA00B6296F /* CryptorUI.swift in Sources */ = {isa = PBXBuildFile; fileRef = F968B0C325BC59FA00B6296F /* CryptorUI.swift */; };
		F968B0C525BC59FA00B6296F /* CryptorUI.swift in Sources */ = {isa = PBXBuildFile; fileRef = F968B0C325BC59FA00B6296F /* CryptorUI.swift */; };
		F968B0C625BC59FA00B6296F /* CryptorUI.swift in Sources */ = {isa = PBXBuildFile; fileRef = F968B0C325BC59FA00B6296F /* CryptorUI.swift */; };
		F97309FB25600D05007109F7 /* TresorMockup4App.swift in Sources */ = {isa = PBXBuildFile; fileRef = F97309FA25600D05007109F7 /* TresorMockup4App.swift */; };
		F97309FD25600D05007109F7 /* ContentView.swift in Sources */ = {isa = PBXBuildFile; fileRef = F97309FC25600D05007109F7 /* ContentView.swift */; };
		F97309FF25600D05007109F7 /* Assets.xcassets in Resources */ = {isa = PBXBuildFile; fileRef = F97309FE25600D05007109F7 /* Assets.xcassets */; };
		F9730A0225600D05007109F7 /* Preview Assets.xcassets in Resources */ = {isa = PBXBuildFile; fileRef = F9730A0125600D05007109F7 /* Preview Assets.xcassets */; };
		F9730A0425600D05007109F7 /* Persistence.swift in Sources */ = {isa = PBXBuildFile; fileRef = F9730A0325600D05007109F7 /* Persistence.swift */; };
		F9730A1225600D05007109F7 /* TresorMockup4Tests.swift in Sources */ = {isa = PBXBuildFile; fileRef = F9730A1125600D05007109F7 /* TresorMockup4Tests.swift */; };
		F9730A1D25600D06007109F7 /* TresorMockup4UITests.swift in Sources */ = {isa = PBXBuildFile; fileRef = F9730A1C25600D06007109F7 /* TresorMockup4UITests.swift */; };
		F9730A4525600E18007109F7 /* SecureStore.swift in Sources */ = {isa = PBXBuildFile; fileRef = F9730A3C25600E17007109F7 /* SecureStore.swift */; };
		F9730A4825600E18007109F7 /* LocalPassword.swift in Sources */ = {isa = PBXBuildFile; fileRef = F9730A3D25600E17007109F7 /* LocalPassword.swift */; };
		F9730A4B25600E18007109F7 /* CryptorExtensions.swift in Sources */ = {isa = PBXBuildFile; fileRef = F9730A3E25600E17007109F7 /* CryptorExtensions.swift */; };
		F9730A4E25600E18007109F7 /* CryptorCore.swift in Sources */ = {isa = PBXBuildFile; fileRef = F9730A3F25600E17007109F7 /* CryptorCore.swift */; };
		F9730A5125600E18007109F7 /* RandomData.swift in Sources */ = {isa = PBXBuildFile; fileRef = F9730A4025600E17007109F7 /* RandomData.swift */; };
		F9730A5425600E18007109F7 /* Cryptor.swift in Sources */ = {isa = PBXBuildFile; fileRef = F9730A4125600E18007109F7 /* Cryptor.swift */; };
		F9730A6425600E75007109F7 /* J1Logger.swift in Sources */ = {isa = PBXBuildFile; fileRef = F9730A6325600E75007109F7 /* J1Logger.swift */; };
		F9851EC2256BEC0500784485 /* TestData.swift in Sources */ = {isa = PBXBuildFile; fileRef = F9851EC1256BEC0500784485 /* TestData.swift */; };
		F9851ECA256BEEA800784485 /* DetailView.swift in Sources */ = {isa = PBXBuildFile; fileRef = F9851EC9256BEEA800784485 /* DetailView.swift */; };
		F9AE18B525B33336007373E0 /* CryptorError.swift in Sources */ = {isa = PBXBuildFile; fileRef = F9AE18B425B33336007373E0 /* CryptorError.swift */; };
		F9AE18B625B33336007373E0 /* CryptorError.swift in Sources */ = {isa = PBXBuildFile; fileRef = F9AE18B425B33336007373E0 /* CryptorError.swift */; };
		F9AE18B725B33336007373E0 /* CryptorError.swift in Sources */ = {isa = PBXBuildFile; fileRef = F9AE18B425B33336007373E0 /* CryptorError.swift */; };
		F9C91A4325974D8300918D07 /* ViewUtilities.swift in Sources */ = {isa = PBXBuildFile; fileRef = F9C91A4225974D8300918D07 /* ViewUtilities.swift */; };
		F9C91A4D2597676400918D07 /* Utilities.swift in Sources */ = {isa = PBXBuildFile; fileRef = F9C91A4C2597676400918D07 /* Utilities.swift */; };
		F9CDBA1425D1775200780803 /* Category+Extensions.swift in Sources */ = {isa = PBXBuildFile; fileRef = F9CDBA1325D1775200780803 /* Category+Extensions.swift */; };
		F9CDBA1525D1775200780803 /* Category+Extensions.swift in Sources */ = {isa = PBXBuildFile; fileRef = F9CDBA1325D1775200780803 /* Category+Extensions.swift */; };
		F9CDBA1625D1775200780803 /* Category+Extensions.swift in Sources */ = {isa = PBXBuildFile; fileRef = F9CDBA1325D1775200780803 /* Category+Extensions.swift */; };
		F9CDBA1B25D19AC200780803 /* CategoryView.swift in Sources */ = {isa = PBXBuildFile; fileRef = F9CDBA1A25D19AC200780803 /* CategoryView.swift */; };
		F9CDBA1C25D19AC200780803 /* CategoryView.swift in Sources */ = {isa = PBXBuildFile; fileRef = F9CDBA1A25D19AC200780803 /* CategoryView.swift */; };
		F9CDBA1D25D19AC200780803 /* CategoryView.swift in Sources */ = {isa = PBXBuildFile; fileRef = F9CDBA1A25D19AC200780803 /* CategoryView.swift */; };
		F9CEC7DE25CE264600A14B61 /* Password+Extensions.swift.swift in Sources */ = {isa = PBXBuildFile; fileRef = F9CEC7DD25CE264600A14B61 /* Password+Extensions.swift.swift */; };
		F9CEC7DF25CE264600A14B61 /* Password+Extensions.swift.swift in Sources */ = {isa = PBXBuildFile; fileRef = F9CEC7DD25CE264600A14B61 /* Password+Extensions.swift.swift */; };
		F9CEC7E025CE264600A14B61 /* Password+Extensions.swift.swift in Sources */ = {isa = PBXBuildFile; fileRef = F9CEC7DD25CE264600A14B61 /* Password+Extensions.swift.swift */; };
		F9CEC7E725CEB45700A14B61 /* TresorMockup4.xcdatamodeld in Sources */ = {isa = PBXBuildFile; fileRef = F9730A0525600D05007109F7 /* TresorMockup4.xcdatamodeld */; };
		F9CEC7EB25CEB45800A14B61 /* TresorMockup4.xcdatamodeld in Sources */ = {isa = PBXBuildFile; fileRef = F9730A0525600D05007109F7 /* TresorMockup4.xcdatamodeld */; };
		F9CEC7F025CEBE3A00A14B61 /* PasswordsView.swift in Sources */ = {isa = PBXBuildFile; fileRef = F9CEC7EF25CEBE3A00A14B61 /* PasswordsView.swift */; };
		F9CEC7F125CEBE3A00A14B61 /* PasswordsView.swift in Sources */ = {isa = PBXBuildFile; fileRef = F9CEC7EF25CEBE3A00A14B61 /* PasswordsView.swift */; };
		F9CEC7F225CEBE3A00A14B61 /* PasswordsView.swift in Sources */ = {isa = PBXBuildFile; fileRef = F9CEC7EF25CEBE3A00A14B61 /* PasswordsView.swift */; };
		F9ECF1DA2568B7AA00936DAF /* Site+Extensions.swift in Sources */ = {isa = PBXBuildFile; fileRef = F9ECF1D92568B7AA00936DAF /* Site+Extensions.swift */; };
		F9ECF1E52568CBF700936DAF /* TresorMockup4.xcdatamodeld in Sources */ = {isa = PBXBuildFile; fileRef = F9730A0525600D05007109F7 /* TresorMockup4.xcdatamodeld */; };
		F9ECF1F625695C7600936DAF /* SearchBar.swift in Sources */ = {isa = PBXBuildFile; fileRef = F9ECF1F525695C7600936DAF /* SearchBar.swift */; };
/* End PBXBuildFile section */

/* Begin PBXContainerItemProxy section */
		F9730A0E25600D05007109F7 /* PBXContainerItemProxy */ = {
			isa = PBXContainerItemProxy;
			containerPortal = F97309EF25600D04007109F7 /* Project object */;
			proxyType = 1;
			remoteGlobalIDString = F97309F625600D04007109F7;
			remoteInfo = TresorMockup4;
		};
		F9730A1925600D06007109F7 /* PBXContainerItemProxy */ = {
			isa = PBXContainerItemProxy;
			containerPortal = F97309EF25600D04007109F7 /* Project object */;
			proxyType = 1;
			remoteGlobalIDString = F97309F625600D04007109F7;
			remoteInfo = TresorMockup4;
		};
/* End PBXContainerItemProxy section */

/* Begin PBXFileReference section */
		008E8BCFC330C1A0FE90D86D /* Pods_TresorMockup4_TresorMockup4UITests.framework */ = {isa = PBXFileReference; explicitFileType = wrapper.framework; includeInIndex = 0; path = Pods_TresorMockup4_TresorMockup4UITests.framework; sourceTree = BUILT_PRODUCTS_DIR; };
		433EC91A1A4E7E238BB43B7E /* Pods-TresorMockup4.debug.xcconfig */ = {isa = PBXFileReference; includeInIndex = 1; lastKnownFileType = text.xcconfig; name = "Pods-TresorMockup4.debug.xcconfig"; path = "Target Support Files/Pods-TresorMockup4/Pods-TresorMockup4.debug.xcconfig"; sourceTree = "<group>"; };
		4C4D39A50D5D146D022D33BB /* Pods_TresorMockup4.framework */ = {isa = PBXFileReference; explicitFileType = wrapper.framework; includeInIndex = 0; path = Pods_TresorMockup4.framework; sourceTree = BUILT_PRODUCTS_DIR; };
		5CA1B6A8ED99BE6C0D6C3CEE /* Pods-TresorMockup4Tests.debug.xcconfig */ = {isa = PBXFileReference; includeInIndex = 1; lastKnownFileType = text.xcconfig; name = "Pods-TresorMockup4Tests.debug.xcconfig"; path = "Target Support Files/Pods-TresorMockup4Tests/Pods-TresorMockup4Tests.debug.xcconfig"; sourceTree = "<group>"; };
		61F424751EAF03444D13E416 /* Pods_TresorMockup4Tests.framework */ = {isa = PBXFileReference; explicitFileType = wrapper.framework; includeInIndex = 0; path = Pods_TresorMockup4Tests.framework; sourceTree = BUILT_PRODUCTS_DIR; };
		742EB7FF7CA1F00BEA8A848B /* Pods-TresorMockup4-TresorMockup4UITests.release.xcconfig */ = {isa = PBXFileReference; includeInIndex = 1; lastKnownFileType = text.xcconfig; name = "Pods-TresorMockup4-TresorMockup4UITests.release.xcconfig"; path = "Target Support Files/Pods-TresorMockup4-TresorMockup4UITests/Pods-TresorMockup4-TresorMockup4UITests.release.xcconfig"; sourceTree = "<group>"; };
		A7A45F6B824F7D036A0D5A7B /* Pods-TresorMockup4-TresorMockup4UITests.debug.xcconfig */ = {isa = PBXFileReference; includeInIndex = 1; lastKnownFileType = text.xcconfig; name = "Pods-TresorMockup4-TresorMockup4UITests.debug.xcconfig"; path = "Target Support Files/Pods-TresorMockup4-TresorMockup4UITests/Pods-TresorMockup4-TresorMockup4UITests.debug.xcconfig"; sourceTree = "<group>"; };
		C3AD067B824FB1F6455D330E /* Pods-TresorMockup4Tests.release.xcconfig */ = {isa = PBXFileReference; includeInIndex = 1; lastKnownFileType = text.xcconfig; name = "Pods-TresorMockup4Tests.release.xcconfig"; path = "Target Support Files/Pods-TresorMockup4Tests/Pods-TresorMockup4Tests.release.xcconfig"; sourceTree = "<group>"; };
		D4B70B24BCC867490BDD44CA /* Pods-TresorMockup4.release.xcconfig */ = {isa = PBXFileReference; includeInIndex = 1; lastKnownFileType = text.xcconfig; name = "Pods-TresorMockup4.release.xcconfig"; path = "Target Support Files/Pods-TresorMockup4/Pods-TresorMockup4.release.xcconfig"; sourceTree = "<group>"; };
		F916905725D78BE5003EBCCD /* TrashView.swift */ = {isa = PBXFileReference; fileEncoding = 4; lastKnownFileType = sourcecode.swift; path = TrashView.swift; sourceTree = "<group>"; };
		F91D3A102562D0BC0018238B /* FocusableTextField.swift */ = {isa = PBXFileReference; fileEncoding = 4; lastKnownFileType = sourcecode.swift; path = FocusableTextField.swift; sourceTree = "<group>"; };
		F94207AF256579CE008F4883 /* log.rtf */ = {isa = PBXFileReference; lastKnownFileType = text.rtf; path = log.rtf; sourceTree = "<group>"; };
		F954C09025CD8EE600F88AE8 /* NSManagedObject+Extensions.swift */ = {isa = PBXFileReference; lastKnownFileType = sourcecode.swift; path = "NSManagedObject+Extensions.swift"; sourceTree = "<group>"; };
		F965518A25AB5EB400FFD4E8 /* CryptorSeed.swift */ = {isa = PBXFileReference; lastKnownFileType = sourcecode.swift; path = CryptorSeed.swift; sourceTree = "<group>"; };
		F965519125AB5F0E00FFD4E8 /* Validator.swift */ = {isa = PBXFileReference; lastKnownFileType = sourcecode.swift; path = Validator.swift; sourceTree = "<group>"; };
		F968B0C325BC59FA00B6296F /* CryptorUI.swift */ = {isa = PBXFileReference; lastKnownFileType = sourcecode.swift; path = CryptorUI.swift; sourceTree = "<group>"; };
		F97309F725600D05007109F7 /* TresorMockup4.app */ = {isa = PBXFileReference; explicitFileType = wrapper.application; includeInIndex = 0; path = TresorMockup4.app; sourceTree = BUILT_PRODUCTS_DIR; };
		F97309FA25600D05007109F7 /* TresorMockup4App.swift */ = {isa = PBXFileReference; lastKnownFileType = sourcecode.swift; path = TresorMockup4App.swift; sourceTree = "<group>"; };
		F97309FC25600D05007109F7 /* ContentView.swift */ = {isa = PBXFileReference; lastKnownFileType = sourcecode.swift; path = ContentView.swift; sourceTree = "<group>"; };
		F97309FE25600D05007109F7 /* Assets.xcassets */ = {isa = PBXFileReference; lastKnownFileType = folder.assetcatalog; path = Assets.xcassets; sourceTree = "<group>"; };
		F9730A0125600D05007109F7 /* Preview Assets.xcassets */ = {isa = PBXFileReference; lastKnownFileType = folder.assetcatalog; path = "Preview Assets.xcassets"; sourceTree = "<group>"; };
		F9730A0325600D05007109F7 /* Persistence.swift */ = {isa = PBXFileReference; lastKnownFileType = sourcecode.swift; path = Persistence.swift; sourceTree = "<group>"; };
		F9730A0625600D05007109F7 /* TresorMockup4.xcdatamodel */ = {isa = PBXFileReference; lastKnownFileType = wrapper.xcdatamodel; path = TresorMockup4.xcdatamodel; sourceTree = "<group>"; };
		F9730A0825600D05007109F7 /* Info.plist */ = {isa = PBXFileReference; lastKnownFileType = text.plist.xml; path = Info.plist; sourceTree = "<group>"; };
		F9730A0D25600D05007109F7 /* TresorMockup4Tests.xctest */ = {isa = PBXFileReference; explicitFileType = wrapper.cfbundle; includeInIndex = 0; path = TresorMockup4Tests.xctest; sourceTree = BUILT_PRODUCTS_DIR; };
		F9730A1125600D05007109F7 /* TresorMockup4Tests.swift */ = {isa = PBXFileReference; lastKnownFileType = sourcecode.swift; path = TresorMockup4Tests.swift; sourceTree = "<group>"; };
		F9730A1325600D05007109F7 /* Info.plist */ = {isa = PBXFileReference; lastKnownFileType = text.plist.xml; path = Info.plist; sourceTree = "<group>"; };
		F9730A1825600D06007109F7 /* TresorMockup4UITests.xctest */ = {isa = PBXFileReference; explicitFileType = wrapper.cfbundle; includeInIndex = 0; path = TresorMockup4UITests.xctest; sourceTree = BUILT_PRODUCTS_DIR; };
		F9730A1C25600D06007109F7 /* TresorMockup4UITests.swift */ = {isa = PBXFileReference; lastKnownFileType = sourcecode.swift; path = TresorMockup4UITests.swift; sourceTree = "<group>"; };
		F9730A1E25600D06007109F7 /* Info.plist */ = {isa = PBXFileReference; lastKnownFileType = text.plist.xml; path = Info.plist; sourceTree = "<group>"; };
		F9730A3C25600E17007109F7 /* SecureStore.swift */ = {isa = PBXFileReference; fileEncoding = 4; lastKnownFileType = sourcecode.swift; path = SecureStore.swift; sourceTree = "<group>"; };
		F9730A3D25600E17007109F7 /* LocalPassword.swift */ = {isa = PBXFileReference; fileEncoding = 4; lastKnownFileType = sourcecode.swift; path = LocalPassword.swift; sourceTree = "<group>"; };
		F9730A3E25600E17007109F7 /* CryptorExtensions.swift */ = {isa = PBXFileReference; fileEncoding = 4; lastKnownFileType = sourcecode.swift; path = CryptorExtensions.swift; sourceTree = "<group>"; };
		F9730A3F25600E17007109F7 /* CryptorCore.swift */ = {isa = PBXFileReference; fileEncoding = 4; lastKnownFileType = sourcecode.swift; path = CryptorCore.swift; sourceTree = "<group>"; };
		F9730A4025600E17007109F7 /* RandomData.swift */ = {isa = PBXFileReference; fileEncoding = 4; lastKnownFileType = sourcecode.swift; path = RandomData.swift; sourceTree = "<group>"; };
		F9730A4125600E18007109F7 /* Cryptor.swift */ = {isa = PBXFileReference; fileEncoding = 4; lastKnownFileType = sourcecode.swift; path = Cryptor.swift; sourceTree = "<group>"; };
		F9730A6325600E75007109F7 /* J1Logger.swift */ = {isa = PBXFileReference; fileEncoding = 4; lastKnownFileType = sourcecode.swift; path = J1Logger.swift; sourceTree = "<group>"; };
		F9851EC1256BEC0500784485 /* TestData.swift */ = {isa = PBXFileReference; lastKnownFileType = sourcecode.swift; path = TestData.swift; sourceTree = "<group>"; };
		F9851EC9256BEEA800784485 /* DetailView.swift */ = {isa = PBXFileReference; lastKnownFileType = sourcecode.swift; path = DetailView.swift; sourceTree = "<group>"; };
		F9AE18B425B33336007373E0 /* CryptorError.swift */ = {isa = PBXFileReference; lastKnownFileType = sourcecode.swift; path = CryptorError.swift; sourceTree = "<group>"; };
		F9C91A4225974D8300918D07 /* ViewUtilities.swift */ = {isa = PBXFileReference; lastKnownFileType = sourcecode.swift; path = ViewUtilities.swift; sourceTree = "<group>"; };
		F9C91A4C2597676400918D07 /* Utilities.swift */ = {isa = PBXFileReference; lastKnownFileType = sourcecode.swift; path = Utilities.swift; sourceTree = "<group>"; };
		F9C91A672597828A00918D07 /* Simulator Screen Shot - iPhone SE (2nd generation) - 2020-12-25 at 23.36.19.png */ = {isa = PBXFileReference; lastKnownFileType = image.png; path = "Simulator Screen Shot - iPhone SE (2nd generation) - 2020-12-25 at 23.36.19.png"; sourceTree = "<group>"; };
		F9CDBA1325D1775200780803 /* Category+Extensions.swift */ = {isa = PBXFileReference; lastKnownFileType = sourcecode.swift; path = "Category+Extensions.swift"; sourceTree = "<group>"; };
		F9CDBA1A25D19AC200780803 /* CategoryView.swift */ = {isa = PBXFileReference; lastKnownFileType = sourcecode.swift; path = CategoryView.swift; sourceTree = "<group>"; };
		F9CEC7DD25CE264600A14B61 /* Password+Extensions.swift.swift */ = {isa = PBXFileReference; lastKnownFileType = sourcecode.swift; path = "Password+Extensions.swift.swift"; sourceTree = "<group>"; };
		F9CEC7EF25CEBE3A00A14B61 /* PasswordsView.swift */ = {isa = PBXFileReference; lastKnownFileType = sourcecode.swift; path = PasswordsView.swift; sourceTree = "<group>"; };
		F9ECF1D92568B7AA00936DAF /* Site+Extensions.swift */ = {isa = PBXFileReference; lastKnownFileType = sourcecode.swift; path = "Site+Extensions.swift"; sourceTree = "<group>"; };
		F9ECF1DE2568C01400936DAF /* memo.rtf */ = {isa = PBXFileReference; lastKnownFileType = text.rtf; path = memo.rtf; sourceTree = "<group>"; };
		F9ECF1F525695C7600936DAF /* SearchBar.swift */ = {isa = PBXFileReference; lastKnownFileType = sourcecode.swift; path = SearchBar.swift; sourceTree = "<group>"; };
/* End PBXFileReference section */

/* Begin PBXFrameworksBuildPhase section */
		F97309F425600D04007109F7 /* Frameworks */ = {
			isa = PBXFrameworksBuildPhase;
			buildActionMask = 2147483647;
			files = (
				6B73189134093D15E9553AF1 /* Pods_TresorMockup4.framework in Frameworks */,
			);
			runOnlyForDeploymentPostprocessing = 0;
		};
		F9730A0A25600D05007109F7 /* Frameworks */ = {
			isa = PBXFrameworksBuildPhase;
			buildActionMask = 2147483647;
			files = (
				25295B408841C059C68CE489 /* Pods_TresorMockup4Tests.framework in Frameworks */,
			);
			runOnlyForDeploymentPostprocessing = 0;
		};
		F9730A1525600D06007109F7 /* Frameworks */ = {
			isa = PBXFrameworksBuildPhase;
			buildActionMask = 2147483647;
			files = (
				196CDCE437872432711A8F0B /* Pods_TresorMockup4_TresorMockup4UITests.framework in Frameworks */,
			);
			runOnlyForDeploymentPostprocessing = 0;
		};
/* End PBXFrameworksBuildPhase section */

/* Begin PBXGroup section */
		98A81637186886CB222839E3 /* Pods */ = {
			isa = PBXGroup;
			children = (
				433EC91A1A4E7E238BB43B7E /* Pods-TresorMockup4.debug.xcconfig */,
				D4B70B24BCC867490BDD44CA /* Pods-TresorMockup4.release.xcconfig */,
				A7A45F6B824F7D036A0D5A7B /* Pods-TresorMockup4-TresorMockup4UITests.debug.xcconfig */,
				742EB7FF7CA1F00BEA8A848B /* Pods-TresorMockup4-TresorMockup4UITests.release.xcconfig */,
				5CA1B6A8ED99BE6C0D6C3CEE /* Pods-TresorMockup4Tests.debug.xcconfig */,
				C3AD067B824FB1F6455D330E /* Pods-TresorMockup4Tests.release.xcconfig */,
			);
			path = Pods;
			sourceTree = "<group>";
		};
		C45ADCA91D4C7F715A8CCEC6 /* Frameworks */ = {
			isa = PBXGroup;
			children = (
				4C4D39A50D5D146D022D33BB /* Pods_TresorMockup4.framework */,
				008E8BCFC330C1A0FE90D86D /* Pods_TresorMockup4_TresorMockup4UITests.framework */,
				61F424751EAF03444D13E416 /* Pods_TresorMockup4Tests.framework */,
			);
			name = Frameworks;
			sourceTree = "<group>";
		};
		F97309EE25600D04007109F7 = {
			isa = PBXGroup;
			children = (
				F9C91A602597815300918D07 /* Reference */,
				F9730A3A25600DFB007109F7 /* Cryptor */,
				F9ECF0F02568303800936DAF /* TresorMockup4 */,
				F9730A1025600D05007109F7 /* TresorMockup4Tests */,
				F9730A1B25600D06007109F7 /* TresorMockup4UITests */,
				F97309F825600D05007109F7 /* Products */,
				98A81637186886CB222839E3 /* Pods */,
				C45ADCA91D4C7F715A8CCEC6 /* Frameworks */,
			);
			sourceTree = "<group>";
		};
		F97309F825600D05007109F7 /* Products */ = {
			isa = PBXGroup;
			children = (
				F97309F725600D05007109F7 /* TresorMockup4.app */,
				F9730A0D25600D05007109F7 /* TresorMockup4Tests.xctest */,
				F9730A1825600D06007109F7 /* TresorMockup4UITests.xctest */,
			);
			name = Products;
			sourceTree = "<group>";
		};
		F9730A0025600D05007109F7 /* Preview Content */ = {
			isa = PBXGroup;
			children = (
				F9730A0125600D05007109F7 /* Preview Assets.xcassets */,
			);
			path = "Preview Content";
			sourceTree = "<group>";
		};
		F9730A1025600D05007109F7 /* TresorMockup4Tests */ = {
			isa = PBXGroup;
			children = (
				F9730A1125600D05007109F7 /* TresorMockup4Tests.swift */,
				F9730A1325600D05007109F7 /* Info.plist */,
			);
			path = TresorMockup4Tests;
			sourceTree = "<group>";
		};
		F9730A1B25600D06007109F7 /* TresorMockup4UITests */ = {
			isa = PBXGroup;
			children = (
				F9730A1C25600D06007109F7 /* TresorMockup4UITests.swift */,
				F9730A1E25600D06007109F7 /* Info.plist */,
			);
			path = TresorMockup4UITests;
			sourceTree = "<group>";
		};
		F9730A3A25600DFB007109F7 /* Cryptor */ = {
			isa = PBXGroup;
			children = (
				F968B0C325BC59FA00B6296F /* CryptorUI.swift */,
				F9730A4125600E18007109F7 /* Cryptor.swift */,
				F9730A3F25600E17007109F7 /* CryptorCore.swift */,
				F9AE18B425B33336007373E0 /* CryptorError.swift */,
				F9730A3E25600E17007109F7 /* CryptorExtensions.swift */,
				F9730A3D25600E17007109F7 /* LocalPassword.swift */,
				F9730A4025600E17007109F7 /* RandomData.swift */,
				F9730A3C25600E17007109F7 /* SecureStore.swift */,
				F91D3A102562D0BC0018238B /* FocusableTextField.swift */,
				F965518A25AB5EB400FFD4E8 /* CryptorSeed.swift */,
				F965519125AB5F0E00FFD4E8 /* Validator.swift */,
			);
			path = Cryptor;
			sourceTree = "<group>";
		};
		F9C91A602597815300918D07 /* Reference */ = {
			isa = PBXGroup;
			children = (
				F94207AF256579CE008F4883 /* log.rtf */,
				F9ECF1DE2568C01400936DAF /* memo.rtf */,
				F9C91A672597828A00918D07 /* Simulator Screen Shot - iPhone SE (2nd generation) - 2020-12-25 at 23.36.19.png */,
			);
			path = Reference;
			sourceTree = "<group>";
		};
		F9ECF0F02568303800936DAF /* TresorMockup4 */ = {
			isa = PBXGroup;
			children = (
				F954C09025CD8EE600F88AE8 /* NSManagedObject+Extensions.swift */,
				F9ECF1D92568B7AA00936DAF /* Site+Extensions.swift */,
				F9CEC7DD25CE264600A14B61 /* Password+Extensions.swift.swift */,
				F9CDBA1325D1775200780803 /* Category+Extensions.swift */,
				F9730A6325600E75007109F7 /* J1Logger.swift */,
				F97309FA25600D05007109F7 /* TresorMockup4App.swift */,
				F9CDBA1A25D19AC200780803 /* CategoryView.swift */,
				F97309FC25600D05007109F7 /* ContentView.swift */,
				F916905725D78BE5003EBCCD /* TrashView.swift */,
				F9CEC7EF25CEBE3A00A14B61 /* PasswordsView.swift */,
				F9851EC9256BEEA800784485 /* DetailView.swift */,
				F9730A0325600D05007109F7 /* Persistence.swift */,
				F9ECF1F525695C7600936DAF /* SearchBar.swift */,
				F9851EC1256BEC0500784485 /* TestData.swift */,
				F9C91A4C2597676400918D07 /* Utilities.swift */,
				F9C91A4225974D8300918D07 /* ViewUtilities.swift */,
				F9730A0825600D05007109F7 /* Info.plist */,
				F9730A0525600D05007109F7 /* TresorMockup4.xcdatamodeld */,
				F97309FE25600D05007109F7 /* Assets.xcassets */,
				F9730A0025600D05007109F7 /* Preview Content */,
			);
			path = TresorMockup4;
			sourceTree = "<group>";
		};
/* End PBXGroup section */

/* Begin PBXNativeTarget section */
		F97309F625600D04007109F7 /* TresorMockup4 */ = {
			isa = PBXNativeTarget;
			buildConfigurationList = F9730A2125600D06007109F7 /* Build configuration list for PBXNativeTarget "TresorMockup4" */;
			buildPhases = (
				15C1192424231796229A56EC /* [CP] Check Pods Manifest.lock */,
				F97309F325600D04007109F7 /* Sources */,
				F97309F425600D04007109F7 /* Frameworks */,
				F97309F525600D04007109F7 /* Resources */,
				CD59F5F44631DBB83783970C /* [CP] Embed Pods Frameworks */,
			);
			buildRules = (
			);
			dependencies = (
			);
			name = TresorMockup4;
			productName = TresorMockup4;
			productReference = F97309F725600D05007109F7 /* TresorMockup4.app */;
			productType = "com.apple.product-type.application";
		};
		F9730A0C25600D05007109F7 /* TresorMockup4Tests */ = {
			isa = PBXNativeTarget;
			buildConfigurationList = F9730A2425600D06007109F7 /* Build configuration list for PBXNativeTarget "TresorMockup4Tests" */;
			buildPhases = (
				E37AACD01FD91AF67B42C3AA /* [CP] Check Pods Manifest.lock */,
				F9730A0925600D05007109F7 /* Sources */,
				F9730A0A25600D05007109F7 /* Frameworks */,
				F9730A0B25600D05007109F7 /* Resources */,
			);
			buildRules = (
			);
			dependencies = (
				F9730A0F25600D05007109F7 /* PBXTargetDependency */,
			);
			name = TresorMockup4Tests;
			productName = TresorMockup4Tests;
			productReference = F9730A0D25600D05007109F7 /* TresorMockup4Tests.xctest */;
			productType = "com.apple.product-type.bundle.unit-test";
		};
		F9730A1725600D06007109F7 /* TresorMockup4UITests */ = {
			isa = PBXNativeTarget;
			buildConfigurationList = F9730A2725600D06007109F7 /* Build configuration list for PBXNativeTarget "TresorMockup4UITests" */;
			buildPhases = (
				40DFA0BD6DFF2E5AE966F2E5 /* [CP] Check Pods Manifest.lock */,
				F9730A1425600D06007109F7 /* Sources */,
				F9730A1525600D06007109F7 /* Frameworks */,
				F9730A1625600D06007109F7 /* Resources */,
				5DA0295BFAE1D7216F87573F /* [CP] Embed Pods Frameworks */,
			);
			buildRules = (
			);
			dependencies = (
				F9730A1A25600D06007109F7 /* PBXTargetDependency */,
			);
			name = TresorMockup4UITests;
			productName = TresorMockup4UITests;
			productReference = F9730A1825600D06007109F7 /* TresorMockup4UITests.xctest */;
			productType = "com.apple.product-type.bundle.ui-testing";
		};
/* End PBXNativeTarget section */

/* Begin PBXProject section */
		F97309EF25600D04007109F7 /* Project object */ = {
			isa = PBXProject;
			attributes = {
				LastSwiftUpdateCheck = 1220;
				LastUpgradeCheck = 1220;
				TargetAttributes = {
					F97309F625600D04007109F7 = {
						CreatedOnToolsVersion = 12.2;
					};
					F9730A0C25600D05007109F7 = {
						CreatedOnToolsVersion = 12.2;
						TestTargetID = F97309F625600D04007109F7;
					};
					F9730A1725600D06007109F7 = {
						CreatedOnToolsVersion = 12.2;
						TestTargetID = F97309F625600D04007109F7;
					};
				};
			};
			buildConfigurationList = F97309F225600D04007109F7 /* Build configuration list for PBXProject "TresorMockup4" */;
			compatibilityVersion = "Xcode 9.3";
			developmentRegion = en;
			hasScannedForEncodings = 0;
			knownRegions = (
				en,
				Base,
			);
			mainGroup = F97309EE25600D04007109F7;
			productRefGroup = F97309F825600D05007109F7 /* Products */;
			projectDirPath = "";
			projectRoot = "";
			targets = (
				F97309F625600D04007109F7 /* TresorMockup4 */,
				F9730A0C25600D05007109F7 /* TresorMockup4Tests */,
				F9730A1725600D06007109F7 /* TresorMockup4UITests */,
			);
		};
/* End PBXProject section */

/* Begin PBXResourcesBuildPhase section */
		F97309F525600D04007109F7 /* Resources */ = {
			isa = PBXResourcesBuildPhase;
			buildActionMask = 2147483647;
			files = (
				F9730A0225600D05007109F7 /* Preview Assets.xcassets in Resources */,
				F97309FF25600D05007109F7 /* Assets.xcassets in Resources */,
			);
			runOnlyForDeploymentPostprocessing = 0;
		};
		F9730A0B25600D05007109F7 /* Resources */ = {
			isa = PBXResourcesBuildPhase;
			buildActionMask = 2147483647;
			files = (
			);
			runOnlyForDeploymentPostprocessing = 0;
		};
		F9730A1625600D06007109F7 /* Resources */ = {
			isa = PBXResourcesBuildPhase;
			buildActionMask = 2147483647;
			files = (
			);
			runOnlyForDeploymentPostprocessing = 0;
		};
/* End PBXResourcesBuildPhase section */

/* Begin PBXShellScriptBuildPhase section */
		15C1192424231796229A56EC /* [CP] Check Pods Manifest.lock */ = {
			isa = PBXShellScriptBuildPhase;
			buildActionMask = 2147483647;
			files = (
			);
			inputFileListPaths = (
			);
			inputPaths = (
				"${PODS_PODFILE_DIR_PATH}/Podfile.lock",
				"${PODS_ROOT}/Manifest.lock",
			);
			name = "[CP] Check Pods Manifest.lock";
			outputFileListPaths = (
			);
			outputPaths = (
				"$(DERIVED_FILE_DIR)/Pods-TresorMockup4-checkManifestLockResult.txt",
			);
			runOnlyForDeploymentPostprocessing = 0;
			shellPath = /bin/sh;
			shellScript = "diff \"${PODS_PODFILE_DIR_PATH}/Podfile.lock\" \"${PODS_ROOT}/Manifest.lock\" > /dev/null\nif [ $? != 0 ] ; then\n    # print error to STDERR\n    echo \"error: The sandbox is not in sync with the Podfile.lock. Run 'pod install' or update your CocoaPods installation.\" >&2\n    exit 1\nfi\n# This output is used by Xcode 'outputs' to avoid re-running this script phase.\necho \"SUCCESS\" > \"${SCRIPT_OUTPUT_FILE_0}\"\n";
			showEnvVarsInLog = 0;
		};
		40DFA0BD6DFF2E5AE966F2E5 /* [CP] Check Pods Manifest.lock */ = {
			isa = PBXShellScriptBuildPhase;
			buildActionMask = 2147483647;
			files = (
			);
			inputFileListPaths = (
			);
			inputPaths = (
				"${PODS_PODFILE_DIR_PATH}/Podfile.lock",
				"${PODS_ROOT}/Manifest.lock",
			);
			name = "[CP] Check Pods Manifest.lock";
			outputFileListPaths = (
			);
			outputPaths = (
				"$(DERIVED_FILE_DIR)/Pods-TresorMockup4-TresorMockup4UITests-checkManifestLockResult.txt",
			);
			runOnlyForDeploymentPostprocessing = 0;
			shellPath = /bin/sh;
			shellScript = "diff \"${PODS_PODFILE_DIR_PATH}/Podfile.lock\" \"${PODS_ROOT}/Manifest.lock\" > /dev/null\nif [ $? != 0 ] ; then\n    # print error to STDERR\n    echo \"error: The sandbox is not in sync with the Podfile.lock. Run 'pod install' or update your CocoaPods installation.\" >&2\n    exit 1\nfi\n# This output is used by Xcode 'outputs' to avoid re-running this script phase.\necho \"SUCCESS\" > \"${SCRIPT_OUTPUT_FILE_0}\"\n";
			showEnvVarsInLog = 0;
		};
		5DA0295BFAE1D7216F87573F /* [CP] Embed Pods Frameworks */ = {
			isa = PBXShellScriptBuildPhase;
			buildActionMask = 2147483647;
			files = (
			);
			inputFileListPaths = (
				"${PODS_ROOT}/Target Support Files/Pods-TresorMockup4-TresorMockup4UITests/Pods-TresorMockup4-TresorMockup4UITests-frameworks-${CONFIGURATION}-input-files.xcfilelist",
			);
			name = "[CP] Embed Pods Frameworks";
			outputFileListPaths = (
				"${PODS_ROOT}/Target Support Files/Pods-TresorMockup4-TresorMockup4UITests/Pods-TresorMockup4-TresorMockup4UITests-frameworks-${CONFIGURATION}-output-files.xcfilelist",
			);
			runOnlyForDeploymentPostprocessing = 0;
			shellPath = /bin/sh;
			shellScript = "\"${PODS_ROOT}/Target Support Files/Pods-TresorMockup4-TresorMockup4UITests/Pods-TresorMockup4-TresorMockup4UITests-frameworks.sh\"\n";
			showEnvVarsInLog = 0;
		};
		CD59F5F44631DBB83783970C /* [CP] Embed Pods Frameworks */ = {
			isa = PBXShellScriptBuildPhase;
			buildActionMask = 2147483647;
			files = (
			);
			inputFileListPaths = (
				"${PODS_ROOT}/Target Support Files/Pods-TresorMockup4/Pods-TresorMockup4-frameworks-${CONFIGURATION}-input-files.xcfilelist",
			);
			name = "[CP] Embed Pods Frameworks";
			outputFileListPaths = (
				"${PODS_ROOT}/Target Support Files/Pods-TresorMockup4/Pods-TresorMockup4-frameworks-${CONFIGURATION}-output-files.xcfilelist",
			);
			runOnlyForDeploymentPostprocessing = 0;
			shellPath = /bin/sh;
			shellScript = "\"${PODS_ROOT}/Target Support Files/Pods-TresorMockup4/Pods-TresorMockup4-frameworks.sh\"\n";
			showEnvVarsInLog = 0;
		};
		E37AACD01FD91AF67B42C3AA /* [CP] Check Pods Manifest.lock */ = {
			isa = PBXShellScriptBuildPhase;
			buildActionMask = 2147483647;
			files = (
			);
			inputFileListPaths = (
			);
			inputPaths = (
				"${PODS_PODFILE_DIR_PATH}/Podfile.lock",
				"${PODS_ROOT}/Manifest.lock",
			);
			name = "[CP] Check Pods Manifest.lock";
			outputFileListPaths = (
			);
			outputPaths = (
				"$(DERIVED_FILE_DIR)/Pods-TresorMockup4Tests-checkManifestLockResult.txt",
			);
			runOnlyForDeploymentPostprocessing = 0;
			shellPath = /bin/sh;
			shellScript = "diff \"${PODS_PODFILE_DIR_PATH}/Podfile.lock\" \"${PODS_ROOT}/Manifest.lock\" > /dev/null\nif [ $? != 0 ] ; then\n    # print error to STDERR\n    echo \"error: The sandbox is not in sync with the Podfile.lock. Run 'pod install' or update your CocoaPods installation.\" >&2\n    exit 1\nfi\n# This output is used by Xcode 'outputs' to avoid re-running this script phase.\necho \"SUCCESS\" > \"${SCRIPT_OUTPUT_FILE_0}\"\n";
			showEnvVarsInLog = 0;
		};
/* End PBXShellScriptBuildPhase section */

/* Begin PBXSourcesBuildPhase section */
		F97309F325600D04007109F7 /* Sources */ = {
			isa = PBXSourcesBuildPhase;
			buildActionMask = 2147483647;
			files = (
				F9730A0425600D05007109F7 /* Persistence.swift in Sources */,
				F9730A4525600E18007109F7 /* SecureStore.swift in Sources */,
				F9851ECA256BEEA800784485 /* DetailView.swift in Sources */,
				F9AE18B525B33336007373E0 /* CryptorError.swift in Sources */,
				F9ECF1F625695C7600936DAF /* SearchBar.swift in Sources */,
				F9CDBA1425D1775200780803 /* Category+Extensions.swift in Sources */,
				F965519225AB5F0E00FFD4E8 /* Validator.swift in Sources */,
				F9ECF1E52568CBF700936DAF /* TresorMockup4.xcdatamodeld in Sources */,
				F954C09125CD8EE600F88AE8 /* NSManagedObject+Extensions.swift in Sources */,
				F97309FD25600D05007109F7 /* ContentView.swift in Sources */,
				F9851EC2256BEC0500784485 /* TestData.swift in Sources */,
				F9730A6425600E75007109F7 /* J1Logger.swift in Sources */,
				F9730A5125600E18007109F7 /* RandomData.swift in Sources */,
				F9730A5425600E18007109F7 /* Cryptor.swift in Sources */,
				F9CEC7DE25CE264600A14B61 /* Password+Extensions.swift.swift in Sources */,
				F9CEC7F025CEBE3A00A14B61 /* PasswordsView.swift in Sources */,
				F9730A4B25600E18007109F7 /* CryptorExtensions.swift in Sources */,
				F9730A4E25600E18007109F7 /* CryptorCore.swift in Sources */,
				F965518B25AB5EB400FFD4E8 /* CryptorSeed.swift in Sources */,
				F916905825D78BE5003EBCCD /* TrashView.swift in Sources */,
				F968B0C425BC59FA00B6296F /* CryptorUI.swift in Sources */,
				F97309FB25600D05007109F7 /* TresorMockup4App.swift in Sources */,
				F9ECF1DA2568B7AA00936DAF /* Site+Extensions.swift in Sources */,
				F91D3A112562D0BD0018238B /* FocusableTextField.swift in Sources */,
				F9C91A4325974D8300918D07 /* ViewUtilities.swift in Sources */,
				F9C91A4D2597676400918D07 /* Utilities.swift in Sources */,
				F9730A4825600E18007109F7 /* LocalPassword.swift in Sources */,
				F9CDBA1B25D19AC200780803 /* CategoryView.swift in Sources */,
			);
			runOnlyForDeploymentPostprocessing = 0;
		};
		F9730A0925600D05007109F7 /* Sources */ = {
			isa = PBXSourcesBuildPhase;
			buildActionMask = 2147483647;
			files = (
				F968B0C525BC59FA00B6296F /* CryptorUI.swift in Sources */,
				F965518C25AB5EB400FFD4E8 /* CryptorSeed.swift in Sources */,
				F9CEC7DF25CE264600A14B61 /* Password+Extensions.swift.swift in Sources */,
				F965519325AB5F0E00FFD4E8 /* Validator.swift in Sources */,
				F9CEC7E725CEB45700A14B61 /* TresorMockup4.xcdatamodeld in Sources */,
				F9CDBA1C25D19AC200780803 /* CategoryView.swift in Sources */,
				F9CDBA1525D1775200780803 /* Category+Extensions.swift in Sources */,
				F916905925D78BE5003EBCCD /* TrashView.swift in Sources */,
				F9AE18B625B33336007373E0 /* CryptorError.swift in Sources */,
				F954C09225CD8EE600F88AE8 /* NSManagedObject+Extensions.swift in Sources */,
				F9730A1225600D05007109F7 /* TresorMockup4Tests.swift in Sources */,
				F9CEC7F125CEBE3A00A14B61 /* PasswordsView.swift in Sources */,
			);
			runOnlyForDeploymentPostprocessing = 0;
		};
		F9730A1425600D06007109F7 /* Sources */ = {
			isa = PBXSourcesBuildPhase;
			buildActionMask = 2147483647;
			files = (
				F968B0C625BC59FA00B6296F /* CryptorUI.swift in Sources */,
				F965518D25AB5EB400FFD4E8 /* CryptorSeed.swift in Sources */,
				F9CEC7E025CE264600A14B61 /* Password+Extensions.swift.swift in Sources */,
				F965519425AB5F0E00FFD4E8 /* Validator.swift in Sources */,
				F9CEC7EB25CEB45800A14B61 /* TresorMockup4.xcdatamodeld in Sources */,
				F9CDBA1D25D19AC200780803 /* CategoryView.swift in Sources */,
				F9CDBA1625D1775200780803 /* Category+Extensions.swift in Sources */,
				F916905A25D78BE5003EBCCD /* TrashView.swift in Sources */,
				F9AE18B725B33336007373E0 /* CryptorError.swift in Sources */,
				F954C09325CD8EE600F88AE8 /* NSManagedObject+Extensions.swift in Sources */,
				F9730A1D25600D06007109F7 /* TresorMockup4UITests.swift in Sources */,
				F9CEC7F225CEBE3A00A14B61 /* PasswordsView.swift in Sources */,
			);
			runOnlyForDeploymentPostprocessing = 0;
		};
/* End PBXSourcesBuildPhase section */

/* Begin PBXTargetDependency section */
		F9730A0F25600D05007109F7 /* PBXTargetDependency */ = {
			isa = PBXTargetDependency;
			target = F97309F625600D04007109F7 /* TresorMockup4 */;
			targetProxy = F9730A0E25600D05007109F7 /* PBXContainerItemProxy */;
		};
		F9730A1A25600D06007109F7 /* PBXTargetDependency */ = {
			isa = PBXTargetDependency;
			target = F97309F625600D04007109F7 /* TresorMockup4 */;
			targetProxy = F9730A1925600D06007109F7 /* PBXContainerItemProxy */;
		};
/* End PBXTargetDependency section */

/* Begin XCBuildConfiguration section */
		F9730A1F25600D06007109F7 /* Debug */ = {
			isa = XCBuildConfiguration;
			buildSettings = {
				ALWAYS_SEARCH_USER_PATHS = NO;
				CLANG_ANALYZER_NONNULL = YES;
				CLANG_ANALYZER_NUMBER_OBJECT_CONVERSION = YES_AGGRESSIVE;
				CLANG_CXX_LANGUAGE_STANDARD = "gnu++14";
				CLANG_CXX_LIBRARY = "libc++";
				CLANG_ENABLE_MODULES = YES;
				CLANG_ENABLE_OBJC_ARC = YES;
				CLANG_ENABLE_OBJC_WEAK = YES;
				CLANG_WARN_BLOCK_CAPTURE_AUTORELEASING = YES;
				CLANG_WARN_BOOL_CONVERSION = YES;
				CLANG_WARN_COMMA = YES;
				CLANG_WARN_CONSTANT_CONVERSION = YES;
				CLANG_WARN_DEPRECATED_OBJC_IMPLEMENTATIONS = YES;
				CLANG_WARN_DIRECT_OBJC_ISA_USAGE = YES_ERROR;
				CLANG_WARN_DOCUMENTATION_COMMENTS = YES;
				CLANG_WARN_EMPTY_BODY = YES;
				CLANG_WARN_ENUM_CONVERSION = YES;
				CLANG_WARN_INFINITE_RECURSION = YES;
				CLANG_WARN_INT_CONVERSION = YES;
				CLANG_WARN_NON_LITERAL_NULL_CONVERSION = YES;
				CLANG_WARN_OBJC_IMPLICIT_RETAIN_SELF = YES;
				CLANG_WARN_OBJC_LITERAL_CONVERSION = YES;
				CLANG_WARN_OBJC_ROOT_CLASS = YES_ERROR;
				CLANG_WARN_QUOTED_INCLUDE_IN_FRAMEWORK_HEADER = YES;
				CLANG_WARN_RANGE_LOOP_ANALYSIS = YES;
				CLANG_WARN_STRICT_PROTOTYPES = YES;
				CLANG_WARN_SUSPICIOUS_MOVE = YES;
				CLANG_WARN_UNGUARDED_AVAILABILITY = YES_AGGRESSIVE;
				CLANG_WARN_UNREACHABLE_CODE = YES;
				CLANG_WARN__DUPLICATE_METHOD_MATCH = YES;
				COPY_PHASE_STRIP = NO;
				DEBUG_INFORMATION_FORMAT = dwarf;
				ENABLE_STRICT_OBJC_MSGSEND = YES;
				ENABLE_TESTABILITY = YES;
				GCC_C_LANGUAGE_STANDARD = gnu11;
				GCC_DYNAMIC_NO_PIC = NO;
				GCC_NO_COMMON_BLOCKS = YES;
				GCC_OPTIMIZATION_LEVEL = 0;
				GCC_PREPROCESSOR_DEFINITIONS = (
					"DEBUG=1",
					"$(inherited)",
				);
				GCC_WARN_64_TO_32_BIT_CONVERSION = YES;
				GCC_WARN_ABOUT_RETURN_TYPE = YES_ERROR;
				GCC_WARN_UNDECLARED_SELECTOR = YES;
				GCC_WARN_UNINITIALIZED_AUTOS = YES_AGGRESSIVE;
				GCC_WARN_UNUSED_FUNCTION = YES;
				GCC_WARN_UNUSED_VARIABLE = YES;
				IPHONEOS_DEPLOYMENT_TARGET = 14.3;
				MTL_ENABLE_DEBUG_INFO = INCLUDE_SOURCE;
				MTL_FAST_MATH = YES;
				ONLY_ACTIVE_ARCH = YES;
				SDKROOT = iphoneos;
				SWIFT_ACTIVE_COMPILATION_CONDITIONS = DEBUG;
				SWIFT_OPTIMIZATION_LEVEL = "-Onone";
			};
			name = Debug;
		};
		F9730A2025600D06007109F7 /* Release */ = {
			isa = XCBuildConfiguration;
			buildSettings = {
				ALWAYS_SEARCH_USER_PATHS = NO;
				CLANG_ANALYZER_NONNULL = YES;
				CLANG_ANALYZER_NUMBER_OBJECT_CONVERSION = YES_AGGRESSIVE;
				CLANG_CXX_LANGUAGE_STANDARD = "gnu++14";
				CLANG_CXX_LIBRARY = "libc++";
				CLANG_ENABLE_MODULES = YES;
				CLANG_ENABLE_OBJC_ARC = YES;
				CLANG_ENABLE_OBJC_WEAK = YES;
				CLANG_WARN_BLOCK_CAPTURE_AUTORELEASING = YES;
				CLANG_WARN_BOOL_CONVERSION = YES;
				CLANG_WARN_COMMA = YES;
				CLANG_WARN_CONSTANT_CONVERSION = YES;
				CLANG_WARN_DEPRECATED_OBJC_IMPLEMENTATIONS = YES;
				CLANG_WARN_DIRECT_OBJC_ISA_USAGE = YES_ERROR;
				CLANG_WARN_DOCUMENTATION_COMMENTS = YES;
				CLANG_WARN_EMPTY_BODY = YES;
				CLANG_WARN_ENUM_CONVERSION = YES;
				CLANG_WARN_INFINITE_RECURSION = YES;
				CLANG_WARN_INT_CONVERSION = YES;
				CLANG_WARN_NON_LITERAL_NULL_CONVERSION = YES;
				CLANG_WARN_OBJC_IMPLICIT_RETAIN_SELF = YES;
				CLANG_WARN_OBJC_LITERAL_CONVERSION = YES;
				CLANG_WARN_OBJC_ROOT_CLASS = YES_ERROR;
				CLANG_WARN_QUOTED_INCLUDE_IN_FRAMEWORK_HEADER = YES;
				CLANG_WARN_RANGE_LOOP_ANALYSIS = YES;
				CLANG_WARN_STRICT_PROTOTYPES = YES;
				CLANG_WARN_SUSPICIOUS_MOVE = YES;
				CLANG_WARN_UNGUARDED_AVAILABILITY = YES_AGGRESSIVE;
				CLANG_WARN_UNREACHABLE_CODE = YES;
				CLANG_WARN__DUPLICATE_METHOD_MATCH = YES;
				COPY_PHASE_STRIP = NO;
				DEBUG_INFORMATION_FORMAT = "dwarf-with-dsym";
				ENABLE_NS_ASSERTIONS = NO;
				ENABLE_STRICT_OBJC_MSGSEND = YES;
				GCC_C_LANGUAGE_STANDARD = gnu11;
				GCC_NO_COMMON_BLOCKS = YES;
				GCC_WARN_64_TO_32_BIT_CONVERSION = YES;
				GCC_WARN_ABOUT_RETURN_TYPE = YES_ERROR;
				GCC_WARN_UNDECLARED_SELECTOR = YES;
				GCC_WARN_UNINITIALIZED_AUTOS = YES_AGGRESSIVE;
				GCC_WARN_UNUSED_FUNCTION = YES;
				GCC_WARN_UNUSED_VARIABLE = YES;
				IPHONEOS_DEPLOYMENT_TARGET = 14.3;
				MTL_ENABLE_DEBUG_INFO = NO;
				MTL_FAST_MATH = YES;
				SDKROOT = iphoneos;
				SWIFT_COMPILATION_MODE = wholemodule;
				SWIFT_OPTIMIZATION_LEVEL = "-O";
				VALIDATE_PRODUCT = YES;
			};
			name = Release;
		};
		F9730A2225600D06007109F7 /* Debug */ = {
			isa = XCBuildConfiguration;
			baseConfigurationReference = 433EC91A1A4E7E238BB43B7E /* Pods-TresorMockup4.debug.xcconfig */;
			buildSettings = {
				ASSETCATALOG_COMPILER_APPICON_NAME = AppIcon;
				ASSETCATALOG_COMPILER_GLOBAL_ACCENT_COLOR_NAME = AccentColor;
				CODE_SIGN_STYLE = Automatic;
				DEVELOPMENT_ASSET_PATHS = "\"TresorMockup4/Preview Content\"";
				DEVELOPMENT_TEAM = K7G5AYFTLJ;
				ENABLE_PREVIEWS = YES;
				INFOPLIST_FILE = TresorMockup4/Info.plist;
				IPHONEOS_DEPLOYMENT_TARGET = 14.0;
				LD_RUNPATH_SEARCH_PATHS = (
					"$(inherited)",
					"@executable_path/Frameworks",
				);
				PRODUCT_BUNDLE_IDENTIFIER = com.gmail.jun1ro1.TresorMockup4;
				PRODUCT_NAME = "$(TARGET_NAME)";
				SWIFT_VERSION = 5.0;
				TARGETED_DEVICE_FAMILY = "1,2";
			};
			name = Debug;
		};
		F9730A2325600D06007109F7 /* Release */ = {
			isa = XCBuildConfiguration;
			baseConfigurationReference = D4B70B24BCC867490BDD44CA /* Pods-TresorMockup4.release.xcconfig */;
			buildSettings = {
				ASSETCATALOG_COMPILER_APPICON_NAME = AppIcon;
				ASSETCATALOG_COMPILER_GLOBAL_ACCENT_COLOR_NAME = AccentColor;
				CODE_SIGN_STYLE = Automatic;
				DEVELOPMENT_ASSET_PATHS = "\"TresorMockup4/Preview Content\"";
				DEVELOPMENT_TEAM = K7G5AYFTLJ;
				ENABLE_PREVIEWS = YES;
				INFOPLIST_FILE = TresorMockup4/Info.plist;
				IPHONEOS_DEPLOYMENT_TARGET = 14.0;
				LD_RUNPATH_SEARCH_PATHS = (
					"$(inherited)",
					"@executable_path/Frameworks",
				);
				PRODUCT_BUNDLE_IDENTIFIER = com.gmail.jun1ro1.TresorMockup4;
				PRODUCT_NAME = "$(TARGET_NAME)";
				SWIFT_VERSION = 5.0;
				TARGETED_DEVICE_FAMILY = "1,2";
			};
			name = Release;
		};
		F9730A2525600D06007109F7 /* Debug */ = {
			isa = XCBuildConfiguration;
			baseConfigurationReference = 5CA1B6A8ED99BE6C0D6C3CEE /* Pods-TresorMockup4Tests.debug.xcconfig */;
			buildSettings = {
				ALWAYS_EMBED_SWIFT_STANDARD_LIBRARIES = YES;
				BUNDLE_LOADER = "$(TEST_HOST)";
				CODE_SIGN_STYLE = Automatic;
				DEVELOPMENT_TEAM = K7G5AYFTLJ;
				INFOPLIST_FILE = TresorMockup4Tests/Info.plist;
				IPHONEOS_DEPLOYMENT_TARGET = 14.0;
				LD_RUNPATH_SEARCH_PATHS = (
					"$(inherited)",
					"@executable_path/Frameworks",
					"@loader_path/Frameworks",
				);
				PRODUCT_BUNDLE_IDENTIFIER = com.gmail.jun1ro1.TresorMockup4Tests;
				PRODUCT_NAME = "$(TARGET_NAME)";
				SWIFT_VERSION = 5.0;
				TARGETED_DEVICE_FAMILY = "1,2";
				TEST_HOST = "$(BUILT_PRODUCTS_DIR)/TresorMockup4.app/TresorMockup4";
			};
			name = Debug;
		};
		F9730A2625600D06007109F7 /* Release */ = {
			isa = XCBuildConfiguration;
			baseConfigurationReference = C3AD067B824FB1F6455D330E /* Pods-TresorMockup4Tests.release.xcconfig */;
			buildSettings = {
				ALWAYS_EMBED_SWIFT_STANDARD_LIBRARIES = YES;
				BUNDLE_LOADER = "$(TEST_HOST)";
				CODE_SIGN_STYLE = Automatic;
				DEVELOPMENT_TEAM = K7G5AYFTLJ;
				INFOPLIST_FILE = TresorMockup4Tests/Info.plist;
				IPHONEOS_DEPLOYMENT_TARGET = 14.0;
				LD_RUNPATH_SEARCH_PATHS = (
					"$(inherited)",
					"@executable_path/Frameworks",
					"@loader_path/Frameworks",
				);
				PRODUCT_BUNDLE_IDENTIFIER = com.gmail.jun1ro1.TresorMockup4Tests;
				PRODUCT_NAME = "$(TARGET_NAME)";
				SWIFT_VERSION = 5.0;
				TARGETED_DEVICE_FAMILY = "1,2";
				TEST_HOST = "$(BUILT_PRODUCTS_DIR)/TresorMockup4.app/TresorMockup4";
			};
			name = Release;
		};
		F9730A2825600D06007109F7 /* Debug */ = {
			isa = XCBuildConfiguration;
			baseConfigurationReference = A7A45F6B824F7D036A0D5A7B /* Pods-TresorMockup4-TresorMockup4UITests.debug.xcconfig */;
			buildSettings = {
				ALWAYS_EMBED_SWIFT_STANDARD_LIBRARIES = YES;
				CODE_SIGN_STYLE = Automatic;
				DEVELOPMENT_TEAM = K7G5AYFTLJ;
				INFOPLIST_FILE = TresorMockup4UITests/Info.plist;
				LD_RUNPATH_SEARCH_PATHS = (
					"$(inherited)",
					"@executable_path/Frameworks",
					"@loader_path/Frameworks",
				);
				PRODUCT_BUNDLE_IDENTIFIER = com.gmail.jun1ro1.TresorMockup4UITests;
				PRODUCT_NAME = "$(TARGET_NAME)";
				SWIFT_VERSION = 5.0;
				TARGETED_DEVICE_FAMILY = "1,2";
				TEST_TARGET_NAME = TresorMockup4;
			};
			name = Debug;
		};
		F9730A2925600D06007109F7 /* Release */ = {
			isa = XCBuildConfiguration;
			baseConfigurationReference = 742EB7FF7CA1F00BEA8A848B /* Pods-TresorMockup4-TresorMockup4UITests.release.xcconfig */;
			buildSettings = {
				ALWAYS_EMBED_SWIFT_STANDARD_LIBRARIES = YES;
				CODE_SIGN_STYLE = Automatic;
				DEVELOPMENT_TEAM = K7G5AYFTLJ;
				INFOPLIST_FILE = TresorMockup4UITests/Info.plist;
				LD_RUNPATH_SEARCH_PATHS = (
					"$(inherited)",
					"@executable_path/Frameworks",
					"@loader_path/Frameworks",
				);
				PRODUCT_BUNDLE_IDENTIFIER = com.gmail.jun1ro1.TresorMockup4UITests;
				PRODUCT_NAME = "$(TARGET_NAME)";
				SWIFT_VERSION = 5.0;
				TARGETED_DEVICE_FAMILY = "1,2";
				TEST_TARGET_NAME = TresorMockup4;
			};
			name = Release;
		};
/* End XCBuildConfiguration section */

/* Begin XCConfigurationList section */
		F97309F225600D04007109F7 /* Build configuration list for PBXProject "TresorMockup4" */ = {
			isa = XCConfigurationList;
			buildConfigurations = (
				F9730A1F25600D06007109F7 /* Debug */,
				F9730A2025600D06007109F7 /* Release */,
			);
			defaultConfigurationIsVisible = 0;
			defaultConfigurationName = Release;
		};
		F9730A2125600D06007109F7 /* Build configuration list for PBXNativeTarget "TresorMockup4" */ = {
			isa = XCConfigurationList;
			buildConfigurations = (
				F9730A2225600D06007109F7 /* Debug */,
				F9730A2325600D06007109F7 /* Release */,
			);
			defaultConfigurationIsVisible = 0;
			defaultConfigurationName = Release;
		};
		F9730A2425600D06007109F7 /* Build configuration list for PBXNativeTarget "TresorMockup4Tests" */ = {
			isa = XCConfigurationList;
			buildConfigurations = (
				F9730A2525600D06007109F7 /* Debug */,
				F9730A2625600D06007109F7 /* Release */,
			);
			defaultConfigurationIsVisible = 0;
			defaultConfigurationName = Release;
		};
		F9730A2725600D06007109F7 /* Build configuration list for PBXNativeTarget "TresorMockup4UITests" */ = {
			isa = XCConfigurationList;
			buildConfigurations = (
				F9730A2825600D06007109F7 /* Debug */,
				F9730A2925600D06007109F7 /* Release */,
			);
			defaultConfigurationIsVisible = 0;
			defaultConfigurationName = Release;
		};
/* End XCConfigurationList section */

/* Begin XCVersionGroup section */
		F9730A0525600D05007109F7 /* TresorMockup4.xcdatamodeld */ = {
			isa = XCVersionGroup;
			children = (
				F9730A0625600D05007109F7 /* TresorMockup4.xcdatamodel */,
			);
			currentVersion = F9730A0625600D05007109F7 /* TresorMockup4.xcdatamodel */;
			path = TresorMockup4.xcdatamodeld;
			sourceTree = "<group>";
			versionGroupType = wrapper.xcdatamodel;
		};
/* End XCVersionGroup section */
	};
	rootObject = F97309EF25600D04007109F7 /* Project object */;
}
